
Microsoft Visual Studio Solution File, Format Version 12.00
# Visual Studio Version 16
VisualStudioVersion = 25.0.1706.8
MinimumVisualStudioVersion = 10.0.40219.1
Project("{FAE04EC0-301F-11D3-BF4B-00C04F79EFBC}") = "RainfallREST", "RainfallREST.csproj", "{20145038-F76B-4A1B-A856-8FD5BF83297C}"
EndProject
Global
	GlobalSection(SolutionConfigurationPlatforms) = preSolution
		Debug|Any CPU = Debug|Any CPU
		Release|Any CPU = Release|Any CPU
	EndGlobalSection
	GlobalSection(ProjectConfigurationPlatforms) = postSolution
		{20145038-F76B-4A1B-A856-8FD5BF83297C}.Debug|Any CPU.ActiveCfg = Debug|Any CPU
		{20145038-F76B-4A1B-A856-8FD5BF83297C}.Debug|Any CPU.Build.0 = Debug|Any CPU
		{20145038-F76B-4A1B-A856-8FD5BF83297C}.Release|Any CPU.ActiveCfg = Release|Any CPU
		{20145038-F76B-4A1B-A856-8FD5BF83297C}.Release|Any CPU.Build.0 = Release|Any CPU
	EndGlobalSection
	GlobalSection(SolutionProperties) = preSolution
		HideSolutionNode = FALSE
	EndGlobalSection
	GlobalSection(ExtensibilityGlobals) = postSolution
		SolutionGuid = {315161BC-2EBB-4FC6-BA19-190745F4F70C}
	EndGlobalSection
EndGlobal
